
Microsoft Visual Studio Solution File, Format Version 12.00
# Visual Studio Version 17
VisualStudioVersion = 17.2.32317.152
MinimumVisualStudioVersion = 10.0.40219.1
Project("{9A19103F-16F7-4668-BE54-9A1E7A4F7556}") = "SkiaSharpReproLib", "SkiaSharpReproLib\SkiaSharpReproLib.csproj", "{B54820DA-FC72-4137-B061-DD14B72F2BDE}"
EndProject
Project("{FAE04EC0-301F-11D3-BF4B-00C04F79EFBC}") = "WindowsFormsApp1", "WindowsFormsApp1\WindowsFormsApp1.csproj", "{1069556D-2462-42B0-9DDE-902ECB8A08A3}"
EndProject
Global
	GlobalSection(SolutionConfigurationPlatforms) = preSolution
		Debug|Any CPU = Debug|Any CPU
		Release|Any CPU = Release|Any CPU
	EndGlobalSection
	GlobalSection(ProjectConfigurationPlatforms) = postSolution
		{B54820DA-FC72-4137-B061-DD14B72F2BDE}.Debug|Any CPU.ActiveCfg = Debug|Any CPU
		{B54820DA-FC72-4137-B061-DD14B72F2BDE}.Debug|Any CPU.Build.0 = Debug|Any CPU
		{B54820DA-FC72-4137-B061-DD14B72F2BDE}.Release|Any CPU.ActiveCfg = Release|Any CPU
		{B54820DA-FC72-4137-B061-DD14B72F2BDE}.Release|Any CPU.Build.0 = Release|Any CPU
		{1069556D-2462-42B0-9DDE-902ECB8A08A3}.Debug|Any CPU.ActiveCfg = Debug|Any CPU
		{1069556D-2462-42B0-9DDE-902ECB8A08A3}.Debug|Any CPU.Build.0 = Debug|Any CPU
		{1069556D-2462-42B0-9DDE-902ECB8A08A3}.Release|Any CPU.ActiveCfg = Release|Any CPU
		{1069556D-2462-42B0-9DDE-902ECB8A08A3}.Release|Any CPU.Build.0 = Release|Any CPU
	EndGlobalSection
	GlobalSection(SolutionProperties) = preSolution
		HideSolutionNode = FALSE
	EndGlobalSection
	GlobalSection(ExtensibilityGlobals) = postSolution
		SolutionGuid = {5A006500-91DE-4CB2-B52B-0E8BF20C36FF}
	EndGlobalSection
EndGlobal
